
Microsoft Visual Studio Solution File, Format Version 12.00
# Visual Studio Version 17
VisualStudioVersion = 17.5.33209.295
MinimumVisualStudioVersion = 10.0.40219.1
Project("{FAE04EC0-301F-11D3-BF4B-00C04F79EFBC}") = "StokYonetim.Entities", "StokYonetim.Entities\StokYonetim.Entities.csproj", "{4DA4F8ED-78CE-49F7-BCDC-BB3C4281E5D0}"
EndProject
Global
	GlobalSection(SolutionConfigurationPlatforms) = preSolution
		Debug|Any CPU = Debug|Any CPU
		Release|Any CPU = Release|Any CPU
	EndGlobalSection
	GlobalSection(ProjectConfigurationPlatforms) = postSolution
		{4DA4F8ED-78CE-49F7-BCDC-BB3C4281E5D0}.Debug|Any CPU.ActiveCfg = Debug|Any CPU
		{4DA4F8ED-78CE-49F7-BCDC-BB3C4281E5D0}.Debug|Any CPU.Build.0 = Debug|Any CPU
		{4DA4F8ED-78CE-49F7-BCDC-BB3C4281E5D0}.Release|Any CPU.ActiveCfg = Release|Any CPU
		{4DA4F8ED-78CE-49F7-BCDC-BB3C4281E5D0}.Release|Any CPU.Build.0 = Release|Any CPU
	EndGlobalSection
	GlobalSection(SolutionProperties) = preSolution
		HideSolutionNode = FALSE
	EndGlobalSection
	GlobalSection(ExtensibilityGlobals) = postSolution
		SolutionGuid = {EA25ED07-CA9A-40C5-93C4-22F53D080A3E}
	EndGlobalSection
EndGlobal
